
Microsoft Visual Studio Solution File, Format Version 12.00
# Visual Studio Version 17
VisualStudioVersion = 17.13.35919.96
MinimumVisualStudioVersion = 10.0.40219.1
Project("{FAE04EC0-301F-11D3-BF4B-00C04F79EFBC}") = "Hello_glWPF", "Hello_glWPF\Hello_glWPF.csproj", "{F8AEF9EF-DDE5-4956-836D-D2EFBC4710BD}"
EndProject
Global
	GlobalSection(SolutionConfigurationPlatforms) = preSolution
		Debug|Any CPU = Debug|Any CPU
		Debug|x64 = Debug|x64
		Release|Any CPU = Release|Any CPU
		Release|x64 = Release|x64
	EndGlobalSection
	GlobalSection(ProjectConfigurationPlatforms) = postSolution
		{F8AEF9EF-DDE5-4956-836D-D2EFBC4710BD}.Debug|Any CPU.ActiveCfg = Debug|Any CPU
		{F8AEF9EF-DDE5-4956-836D-D2EFBC4710BD}.Debug|Any CPU.Build.0 = Debug|Any CPU
		{F8AEF9EF-DDE5-4956-836D-D2EFBC4710BD}.Debug|x64.ActiveCfg = Debug|x64
		{F8AEF9EF-DDE5-4956-836D-D2EFBC4710BD}.Debug|x64.Build.0 = Debug|x64
		{F8AEF9EF-DDE5-4956-836D-D2EFBC4710BD}.Release|Any CPU.ActiveCfg = Release|Any CPU
		{F8AEF9EF-DDE5-4956-836D-D2EFBC4710BD}.Release|Any CPU.Build.0 = Release|Any CPU
		{F8AEF9EF-DDE5-4956-836D-D2EFBC4710BD}.Release|x64.ActiveCfg = Release|x64
		{F8AEF9EF-DDE5-4956-836D-D2EFBC4710BD}.Release|x64.Build.0 = Release|x64
	EndGlobalSection
	GlobalSection(SolutionProperties) = preSolution
		HideSolutionNode = FALSE
	EndGlobalSection
	GlobalSection(ExtensibilityGlobals) = postSolution
		SolutionGuid = {55B605C9-C6A8-4CF5-A9B6-501FA1C8D9D6}
	EndGlobalSection
EndGlobal
