
Microsoft Visual Studio Solution File, Format Version 12.00
# Visual Studio Version 17
VisualStudioVersion = 17.14.36705.20 d17.14
MinimumVisualStudioVersion = 10.0.40219.1
Project("{FAE04EC0-301F-11D3-BF4B-00C04F79EFBC}") = "MiniTransportTycoon.Core", "..\src\Core\MiniTransportTycoon.Core\MiniTransportTycoon.Core.csproj", "{930B582F-89F3-4EBA-89C5-89BBB5BB7090}"
EndProject
Project("{FAE04EC0-301F-11D3-BF4B-00C04F79EFBC}") = "MiniTransportTycoon.Game", "..\src\Game\MiniTransportTycoon.Game\MiniTransportTycoon.Game.csproj", "{89D5AC5F-8A8C-48BB-847B-A4A48AC89791}"
EndProject
Project("{FAE04EC0-301F-11D3-BF4B-00C04F79EFBC}") = "MiniTransportTycoon.UI", "..\src\MiniTransportTycoonUI\MiniTransportTycoon.UI\MiniTransportTycoon.UI.csproj", "{A676803E-F3DF-4B0C-A466-DF8C9A9F8BE6}"
EndProject
Global
	GlobalSection(SolutionConfigurationPlatforms) = preSolution
		Debug|Any CPU = Debug|Any CPU
		Release|Any CPU = Release|Any CPU
	EndGlobalSection
	GlobalSection(ProjectConfigurationPlatforms) = postSolution
		{930B582F-89F3-4EBA-89C5-89BBB5BB7090}.Debug|Any CPU.ActiveCfg = Debug|Any CPU
		{930B582F-89F3-4EBA-89C5-89BBB5BB7090}.Debug|Any CPU.Build.0 = Debug|Any CPU
		{930B582F-89F3-4EBA-89C5-89BBB5BB7090}.Release|Any CPU.ActiveCfg = Release|Any CPU
		{930B582F-89F3-4EBA-89C5-89BBB5BB7090}.Release|Any CPU.Build.0 = Release|Any CPU
		{89D5AC5F-8A8C-48BB-847B-A4A48AC89791}.Debug|Any CPU.ActiveCfg = Debug|Any CPU
		{89D5AC5F-8A8C-48BB-847B-A4A48AC89791}.Debug|Any CPU.Build.0 = Debug|Any CPU
		{89D5AC5F-8A8C-48BB-847B-A4A48AC89791}.Release|Any CPU.ActiveCfg = Release|Any CPU
		{89D5AC5F-8A8C-48BB-847B-A4A48AC89791}.Release|Any CPU.Build.0 = Release|Any CPU
		{A676803E-F3DF-4B0C-A466-DF8C9A9F8BE6}.Debug|Any CPU.ActiveCfg = Debug|Any CPU
		{A676803E-F3DF-4B0C-A466-DF8C9A9F8BE6}.Debug|Any CPU.Build.0 = Debug|Any CPU
		{A676803E-F3DF-4B0C-A466-DF8C9A9F8BE6}.Release|Any CPU.ActiveCfg = Release|Any CPU
		{A676803E-F3DF-4B0C-A466-DF8C9A9F8BE6}.Release|Any CPU.Build.0 = Release|Any CPU
	EndGlobalSection
	GlobalSection(SolutionProperties) = preSolution
		HideSolutionNode = FALSE
	EndGlobalSection
	GlobalSection(ExtensibilityGlobals) = postSolution
		SolutionGuid = {DB4D3361-05A2-4059-A334-B229CE416D8D}
	EndGlobalSection
EndGlobal
